{
  "nodes": {
    "nixpkgs": {
      "locked": {
        "lastModified": 1703624527,
        "narHash": "sha256-e5XNMNJ2Z61MEnXeMbGkLqWr0FfgH3y5X+9nV15pJak=",
        "owner": "NixOS",
        "repo": "nixpkgs",
        "rev": "c407032be28ca2236f45c49cfb2b8b3885294f7f",
        "type": "github"
      },
      "original": {
        "owner": "NixOS",
        "repo": "nixpkgs",
        "rev": "c407032be28ca2236f45c49cfb2b8b3885294f7f",
        "type": "github"
      }
    },
    "root": {
      "inputs": {
        "nixpkgs": "nixpkgs"
      }
    }
  },
  "root": "root",
  "version": 7
}
